
Microsoft Visual Studio Solution File, Format Version 12.00
# Visual Studio Version 17
VisualStudioVersion = 17.11.35327.3
MinimumVisualStudioVersion = 10.0.40219.1
Project("{8BC9CEB8-8B4A-11D0-8D11-00A0C91BC942}") = "histogrammer", "histogrammer.vcxproj", "{123DFFD0-D114-4355-9509-DDF09485CFBF}"
EndProject
Global
	GlobalSection(SolutionConfigurationPlatforms) = preSolution
		Debug|x64 = Debug|x64
		Debug|x86 = Debug|x86
		Release|x64 = Release|x64
		Release|x86 = Release|x86
	EndGlobalSection
	GlobalSection(ProjectConfigurationPlatforms) = postSolution
		{123DFFD0-D114-4355-9509-DDF09485CFBF}.Debug|x64.ActiveCfg = Debug|x64
		{123DFFD0-D114-4355-9509-DDF09485CFBF}.Debug|x64.Build.0 = Debug|x64
		{123DFFD0-D114-4355-9509-DDF09485CFBF}.Debug|x86.ActiveCfg = Debug|Win32
		{123DFFD0-D114-4355-9509-DDF09485CFBF}.Debug|x86.Build.0 = Debug|Win32
		{123DFFD0-D114-4355-9509-DDF09485CFBF}.Release|x64.ActiveCfg = Release|x64
		{123DFFD0-D114-4355-9509-DDF09485CFBF}.Release|x64.Build.0 = Release|x64
		{123DFFD0-D114-4355-9509-DDF09485CFBF}.Release|x86.ActiveCfg = Release|Win32
		{123DFFD0-D114-4355-9509-DDF09485CFBF}.Release|x86.Build.0 = Release|Win32
	EndGlobalSection
	GlobalSection(SolutionProperties) = preSolution
		HideSolutionNode = FALSE
	EndGlobalSection
	GlobalSection(ExtensibilityGlobals) = postSolution
		SolutionGuid = {D0A64E1E-342F-451F-BB29-1195DAD2BC4F}
	EndGlobalSection
EndGlobal
